PODS:
  - Alamofire (3.4.1)
  - Bolts (1.7.0):
    - Bolts/AppLinks (= 1.7.0)
    - Bolts/Tasks (= 1.7.0)
  - Bolts/AppLinks (1.7.0):
    - Bolts/Tasks
  - Bolts/Tasks (1.7.0)
  - FBSDKCoreKit (4.13.1):
    - Bolts (~> 1.7)
  - FBSDKLoginKit (4.13.1):
    - FBSDKCoreKit
  - FontAwesome.swift (0.7.3)
  - Fusuma (0.5.1)
  - HanekeSwift (0.10.1)
  - NVActivityIndicatorView (2.8)
  - PeekPop (0.1.5)
  - PMAlertController (1.0.4)
  - SKPhotoBrowser (1.9.1)
  - SwiftyJSON (2.3.2)

DEPENDENCIES:
  - Alamofire (= 3.4.1)
  - FBSDKCoreKit (= 4.13.1)
  - FBSDKLoginKit (= 4.13.1)
  - FontAwesome.swift (= 0.7.3)
  - Fusuma (= 0.5.1)
  - HanekeSwift (= 0.10.1)
  - NVActivityIndicatorView (= 2.8)
  - PeekPop (~> 0.1)
  - PMAlertController (= 1.0.4)
  - SKPhotoBrowser (= 1.9.1)
  - SwiftyJSON (= 2.3.2)

SPEC CHECKSUMS:
  Alamofire: 01a82e2f6c0f860ade35534c8dd88be61bdef40c
  Bolts: a0058fa3b331c5a1e4402d534f2dae36dbff31e4
  FBSDKCoreKit: 2807fe0da2ddb49a1469da6d6ff597f99912980f
  FBSDKLoginKit: 6d350cb6a22d6956e9d078885de6ee8a0ebc51b4
  FontAwesome.swift: f694fe0f667d6d3390b5919cdb0556a27b75d427
  Fusuma: b6b727aabfbf3fd40419393aa25959910d6598d1
  HanekeSwift: 08e47d3d0f2899ec58e5d257beba0de619aca9e8
  NVActivityIndicatorView: 6aba1dbbd893f615a9452c9e66ae46473e1ce092
  PeekPop: 9a6b77f3af1d634878ef143790782ef5a78aa34a
  PMAlertController: 7f969c937a80bea634a5bf957b66943b493e1aca
  SKPhotoBrowser: 45fad9ae67bdd24217d7808f91245c9b16fe3df9
  SwiftyJSON: 04ccea08915aa0109039157c7974cf0298da292a

PODFILE CHECKSUM: fd6356b809ba2f4935d099b692afbc2afe3b9a29

COCOAPODS: 1.0.1
