// !$*UTF8*$!
{
	archiveVersion = 1;
	classes = {
	};
	objectVersion = 46;
	objects = {

/* Begin PBXBuildFile section */
		3F2039D6DC947AA6FB6E13B4 /* Pods_babySample.framework in Frameworks */ = {isa = PBXBuildFile; fileRef = 8C2472A7F6351D4CF62F0C27 /* Pods_babySample.framework */; };
		4D034CB11D7F117500A7DFB8 /* EZYGradientView.swift in Sources */ = {isa = PBXBuildFile; fileRef = 4D034CB01D7F117500A7DFB8 /* EZYGradientView.swift */; };
		4D0476CD1D6F598C0004CCA1 /* KDCircularProgress.swift in Sources */ = {isa = PBXBuildFile; fileRef = 4D0476CC1D6F598C0004CCA1 /* KDCircularProgress.swift */; };
		4D0476CF1D6F60B10004CCA1 /* notepad-2.png in Resources */ = {isa = PBXBuildFile; fileRef = 4D0476CE1D6F60B10004CCA1 /* notepad-2.png */; };
		4D0D2FA21D98FA8C00B2A1B7 /* MedicineVC.swift in Sources */ = {isa = PBXBuildFile; fileRef = 4D0D2FA11D98FA8C00B2A1B7 /* MedicineVC.swift */; };
		4D0D2FA71D9903BD00B2A1B7 /* medicineCell.swift in Sources */ = {isa = PBXBuildFile; fileRef = 4D0D2FA61D9903BD00B2A1B7 /* medicineCell.swift */; };
		4D0D2FA91D9906A900B2A1B7 /* Medicine.swift in Sources */ = {isa = PBXBuildFile; fileRef = 4D0D2FA81D9906A900B2A1B7 /* Medicine.swift */; };
		4D1258A01D2CC4D100A7B6B9 /* followersVC.swift in Sources */ = {isa = PBXBuildFile; fileRef = 4D12589F1D2CC4D100A7B6B9 /* followersVC.swift */; };
		4D1258A41D2CD55600A7B6B9 /* shield-1.png in Resources */ = {isa = PBXBuildFile; fileRef = 4D1258A31D2CD55600A7B6B9 /* shield-1.png */; };
		4D1258A61D2CD94000A7B6B9 /* tabVC.swift in Sources */ = {isa = PBXBuildFile; fileRef = 4D1258A51D2CD94000A7B6B9 /* tabVC.swift */; };
		4D1258A81D2CD96800A7B6B9 /* navVC.swift in Sources */ = {isa = PBXBuildFile; fileRef = 4D1258A71D2CD96800A7B6B9 /* navVC.swift */; };
		4D2D44C51D0DA51000E6CE0D /* FeedCell.swift in Sources */ = {isa = PBXBuildFile; fileRef = 4D2D44C41D0DA51000E6CE0D /* FeedCell.swift */; };
		4D2D44C71D0DA5BE00E6CE0D /* Extensions.swift in Sources */ = {isa = PBXBuildFile; fileRef = 4D2D44C61D0DA5BE00E6CE0D /* Extensions.swift */; };
		4D2D44C91D0DA6D000E6CE0D /* Post.swift in Sources */ = {isa = PBXBuildFile; fileRef = 4D2D44C81D0DA6D000E6CE0D /* Post.swift */; };
		4D33C0771D5D865100CEEDFB /* NetData.swift in Sources */ = {isa = PBXBuildFile; fileRef = 4D33C0761D5D865100CEEDFB /* NetData.swift */; };
		4D34AC531D82570000BD4DD2 /* InterfaceController.swift in Sources */ = {isa = PBXBuildFile; fileRef = 4D34AC511D82570000BD4DD2 /* InterfaceController.swift */; };
		4D34AC541D82570000BD4DD2 /* SwipeViewController.swift in Sources */ = {isa = PBXBuildFile; fileRef = 4D34AC521D82570000BD4DD2 /* SwipeViewController.swift */; };
		4D3749DC1D07FFD100F57F68 /* AppDelegate.swift in Sources */ = {isa = PBXBuildFile; fileRef = 4D3749DB1D07FFD100F57F68 /* AppDelegate.swift */; };
		4D3749E11D07FFD100F57F68 /* Main.storyboard in Resources */ = {isa = PBXBuildFile; fileRef = 4D3749DF1D07FFD100F57F68 /* Main.storyboard */; };
		4D3749E41D07FFD100F57F68 /* babySample.xcdatamodeld in Sources */ = {isa = PBXBuildFile; fileRef = 4D3749E21D07FFD100F57F68 /* babySample.xcdatamodeld */; };
		4D3749E61D07FFD100F57F68 /* Assets.xcassets in Resources */ = {isa = PBXBuildFile; fileRef = 4D3749E51D07FFD100F57F68 /* Assets.xcassets */; };
		4D3749E91D07FFD100F57F68 /* LaunchScreen.storyboard in Resources */ = {isa = PBXBuildFile; fileRef = 4D3749E71D07FFD100F57F68 /* LaunchScreen.storyboard */; };
		4D3749F61D087C8000F57F68 /* SkyFloatingLabelTextField.swift in Sources */ = {isa = PBXBuildFile; fileRef = 4D3749F31D087C8000F57F68 /* SkyFloatingLabelTextField.swift */; };
		4D3749F71D087C8000F57F68 /* SkyFloatingLabelTextFieldWithIcon.swift in Sources */ = {isa = PBXBuildFile; fileRef = 4D3749F41D087C8000F57F68 /* SkyFloatingLabelTextFieldWithIcon.swift */; };
		4D3749F81D087C8000F57F68 /* UITextField+fixCaretPosition.swift in Sources */ = {isa = PBXBuildFile; fileRef = 4D3749F51D087C8000F57F68 /* UITextField+fixCaretPosition.swift */; };
		4D3749FA1D087CC500F57F68 /* LoginController.swift in Sources */ = {isa = PBXBuildFile; fileRef = 4D3749F91D087CC500F57F68 /* LoginController.swift */; };
		4D3749FE1D0884B900F57F68 /* fontawesome-webfont.ttf in Resources */ = {isa = PBXBuildFile; fileRef = 4D3749FD1D0884B900F57F68 /* fontawesome-webfont.ttf */; };
		4D3A38AB1D8BADBD001D0D8D /* BabyCreateVC.swift in Sources */ = {isa = PBXBuildFile; fileRef = 4D3A38AA1D8BADBD001D0D8D /* BabyCreateVC.swift */; };
		4D3A38AD1D8C6FD2001D0D8D /* pacifier.png in Resources */ = {isa = PBXBuildFile; fileRef = 4D3A38AC1D8C6FD2001D0D8D /* pacifier.png */; };
		4D41AE781D9C06E000AF772F /* NewViewController.swift in Sources */ = {isa = PBXBuildFile; fileRef = 4D41AE771D9C06E000AF772F /* NewViewController.swift */; };
		4D41AE7A1D9C075B00AF772F /* EditViewController.swift in Sources */ = {isa = PBXBuildFile; fileRef = 4D41AE791D9C075B00AF772F /* EditViewController.swift */; };
		4D41AE7C1D9C089900AF772F /* NoteVC.swift in Sources */ = {isa = PBXBuildFile; fileRef = 4D41AE7B1D9C089900AF772F /* NoteVC.swift */; };
		4D41AE811D9C10DA00AF772F /* TodoItem.swift in Sources */ = {isa = PBXBuildFile; fileRef = 4D41AE801D9C10DA00AF772F /* TodoItem.swift */; };
		4D41AE831D9C111A00AF772F /* TodoItem+CoreDataProperties.swift in Sources */ = {isa = PBXBuildFile; fileRef = 4D41AE821D9C111A00AF772F /* TodoItem+CoreDataProperties.swift */; };
		4D4B00601D0C5048007E45A9 /* FeedController.swift in Sources */ = {isa = PBXBuildFile; fileRef = 4D4B005F1D0C5048007E45A9 /* FeedController.swift */; };
		4D54495B1D2A20A1006461DC /* add.png in Resources */ = {isa = PBXBuildFile; fileRef = 4D54494D1D2A20A1006461DC /* add.png */; };
		4D54495C1D2A20A1006461DC /* calendar.png in Resources */ = {isa = PBXBuildFile; fileRef = 4D54494E1D2A20A1006461DC /* calendar.png */; };
		4D54495D1D2A20A1006461DC /* cross.png in Resources */ = {isa = PBXBuildFile; fileRef = 4D54494F1D2A20A1006461DC /* cross.png */; };
		4D54495E1D2A20A1006461DC /* error.png in Resources */ = {isa = PBXBuildFile; fileRef = 4D5449501D2A20A1006461DC /* error.png */; };
		4D54495F1D2A20A1006461DC /* info.png in Resources */ = {isa = PBXBuildFile; fileRef = 4D5449511D2A20A1006461DC /* info.png */; };
		4D5449601D2A20A1006461DC /* like-1.png in Resources */ = {isa = PBXBuildFile; fileRef = 4D5449521D2A20A1006461DC /* like-1.png */; };
		4D5449611D2A20A1006461DC /* like_.png in Resources */ = {isa = PBXBuildFile; fileRef = 4D5449531D2A20A1006461DC /* like_.png */; };
		4D5449621D2A20A1006461DC /* list.png in Resources */ = {isa = PBXBuildFile; fileRef = 4D5449541D2A20A1006461DC /* list.png */; };
		4D5449631D2A20A1006461DC /* navigation.png in Resources */ = {isa = PBXBuildFile; fileRef = 4D5449551D2A20A1006461DC /* navigation.png */; };
		4D5449641D2A20A1006461DC /* picture.png in Resources */ = {isa = PBXBuildFile; fileRef = 4D5449561D2A20A1006461DC /* picture.png */; };
		4D5449651D2A20A1006461DC /* settings.png in Resources */ = {isa = PBXBuildFile; fileRef = 4D5449571D2A20A1006461DC /* settings.png */; };
		4D5449661D2A20A1006461DC /* success.png in Resources */ = {isa = PBXBuildFile; fileRef = 4D5449581D2A20A1006461DC /* success.png */; };
		4D5449671D2A20A1006461DC /* user.png in Resources */ = {isa = PBXBuildFile; fileRef = 4D5449591D2A20A1006461DC /* user.png */; };
		4D5449681D2A20A1006461DC /* users.png in Resources */ = {isa = PBXBuildFile; fileRef = 4D54495A1D2A20A1006461DC /* users.png */; };
		4D54496A1D2A276D006461DC /* database.png in Resources */ = {isa = PBXBuildFile; fileRef = 4D5449691D2A276D006461DC /* database.png */; };
		4D54496C1D2A292F006461DC /* cloud-computing-2.png in Resources */ = {isa = PBXBuildFile; fileRef = 4D54496B1D2A292F006461DC /* cloud-computing-2.png */; };
		4D54496E1D2A2970006461DC /* server-2.png in Resources */ = {isa = PBXBuildFile; fileRef = 4D54496D1D2A2970006461DC /* server-2.png */; };
		4D5449701D2A29B7006461DC /* list-4.png in Resources */ = {isa = PBXBuildFile; fileRef = 4D54496F1D2A29B7006461DC /* list-4.png */; };
		4D5449721D2A2FB0006461DC /* user-43.png in Resources */ = {isa = PBXBuildFile; fileRef = 4D5449711D2A2FB0006461DC /* user-43.png */; };
		4D5449741D2A467C006461DC /* warning.png in Resources */ = {isa = PBXBuildFile; fileRef = 4D5449731D2A467C006461DC /* warning.png */; };
		4D5B99181D86C06B0096D63A /* LikeUsersVC.swift in Sources */ = {isa = PBXBuildFile; fileRef = 4D5B99171D86C06B0096D63A /* LikeUsersVC.swift */; };
		4D5B991A1D86C15C0096D63A /* UserCell.swift in Sources */ = {isa = PBXBuildFile; fileRef = 4D5B99191D86C15C0096D63A /* UserCell.swift */; };
		4D5C4D6D1D73664D007ADAFB /* PreviewViewController.swift in Sources */ = {isa = PBXBuildFile; fileRef = 4D5C4D6C1D73664D007ADAFB /* PreviewViewController.swift */; };
		4D6B1AA81D2546FD00405E2B /* homeVC.swift in Sources */ = {isa = PBXBuildFile; fileRef = 4D6B1AA71D2546FD00405E2B /* homeVC.swift */; };
		4D6B1AAA1D2548D000405E2B /* headerView.swift in Sources */ = {isa = PBXBuildFile; fileRef = 4D6B1AA91D2548D000405E2B /* headerView.swift */; };
		4D6DBB4D1D983E200039533C /* Baby_Fascicle.swift in Sources */ = {isa = PBXBuildFile; fileRef = 4D6DBB4C1D983E200039533C /* Baby_Fascicle.swift */; };
		4D6DBB4F1D98C1B10039533C /* multipleChoseVC.swift in Sources */ = {isa = PBXBuildFile; fileRef = 4D6DBB4E1D98C1B10039533C /* multipleChoseVC.swift */; };
		4D6DBB511D98D3F80039533C /* album_searchVC.swift in Sources */ = {isa = PBXBuildFile; fileRef = 4D6DBB501D98D3F80039533C /* album_searchVC.swift */; };
		4D6DBB531D98D5780039533C /* album.swift in Sources */ = {isa = PBXBuildFile; fileRef = 4D6DBB521D98D5780039533C /* album.swift */; };
		4D6DBB561D98D93F0039533C /* albumCell.swift in Sources */ = {isa = PBXBuildFile; fileRef = 4D6DBB551D98D93F0039533C /* albumCell.swift */; };
		4D6EF6C41D3D1FFB00931BB6 /* userVC.swift in Sources */ = {isa = PBXBuildFile; fileRef = 4D6EF6C31D3D1FFB00931BB6 /* userVC.swift */; };
		4D9761491D227F4F00FE9C80 /* signUpVC.swift in Sources */ = {isa = PBXBuildFile; fileRef = 4D9761481D227F4F00FE9C80 /* signUpVC.swift */; };
		4D9782681D744F960000F030 /* PostVC.swift in Sources */ = {isa = PBXBuildFile; fileRef = 4D9782671D744F960000F030 /* PostVC.swift */; };
		4D9AE7041D619279007AF70B /* avaVC.swift in Sources */ = {isa = PBXBuildFile; fileRef = 4D9AE7031D619279007AF70B /* avaVC.swift */; };
		4D9EC4C81D93A63C004F9120 /* BabyInfoVC.swift in Sources */ = {isa = PBXBuildFile; fileRef = 4D9EC4C71D93A63C004F9120 /* BabyInfoVC.swift */; };
		4D9EC4CA1D93C295004F9120 /* infoCell.swift in Sources */ = {isa = PBXBuildFile; fileRef = 4D9EC4C91D93C295004F9120 /* infoCell.swift */; };
		4D9EC4CC1D93C2E4004F9120 /* Baby.swift in Sources */ = {isa = PBXBuildFile; fileRef = 4D9EC4CB1D93C2E4004F9120 /* Baby.swift */; };
		4DA01D6A1D42170F0041B482 /* ApiService.swift in Sources */ = {isa = PBXBuildFile; fileRef = 4DA01D691D42170F0041B482 /* ApiService.swift */; };
		4DAA53691D3202510099B78E /* EditVC.swift in Sources */ = {isa = PBXBuildFile; fileRef = 4DAA53681D3202510099B78E /* EditVC.swift */; };
		4DABA2821D7E98D50098E6C1 /* MenuViewController.swift in Sources */ = {isa = PBXBuildFile; fileRef = 4DABA2811D7E98D50098E6C1 /* MenuViewController.swift */; };
		4DABA2861D7E9BC60098E6C1 /* GuillotineMenuTransitionAnimation.swift in Sources */ = {isa = PBXBuildFile; fileRef = 4DABA2841D7E9BC60098E6C1 /* GuillotineMenuTransitionAnimation.swift */; };
		4DABA2871D7E9BC60098E6C1 /* ic_menu@3x.png in Resources */ = {isa = PBXBuildFile; fileRef = 4DABA2851D7E9BC60098E6C1 /* ic_menu@3x.png */; };
		4DABA2921D7E9F040098E6C1 /* ic_activity@3x.png in Resources */ = {isa = PBXBuildFile; fileRef = 4DABA28B1D7E9F040098E6C1 /* ic_activity@3x.png */; };
		4DABA2931D7E9F040098E6C1 /* ic_feed@3x.png in Resources */ = {isa = PBXBuildFile; fileRef = 4DABA28C1D7E9F040098E6C1 /* ic_feed@3x.png */; };
		4DABA2941D7E9F040098E6C1 /* ic_menuRotated@3x.png in Resources */ = {isa = PBXBuildFile; fileRef = 4DABA28D1D7E9F040098E6C1 /* ic_menuRotated@3x.png */; };
		4DABA2951D7E9F040098E6C1 /* ic_profile@3x.png in Resources */ = {isa = PBXBuildFile; fileRef = 4DABA28E1D7E9F040098E6C1 /* ic_profile@3x.png */; };
		4DABA2961D7E9F040098E6C1 /* ic_settings@3x.png in Resources */ = {isa = PBXBuildFile; fileRef = 4DABA28F1D7E9F040098E6C1 /* ic_settings@3x.png */; };
		4DABA2981D7EC9620098E6C1 /* BabyCreate_Anchor.swift in Sources */ = {isa = PBXBuildFile; fileRef = 4DABA2971D7EC9620098E6C1 /* BabyCreate_Anchor.swift */; };
		4DAFE8BE1D2588810000334F /* Constants.swift in Sources */ = {isa = PBXBuildFile; fileRef = 4DAFE8BD1D2588810000334F /* Constants.swift */; };
		4DBA164C1D41EB6E009F35FC /* guestVC.swift in Sources */ = {isa = PBXBuildFile; fileRef = 4DBA164B1D41EB6E009F35FC /* guestVC.swift */; };
		4DC669A51D5C5210006CBF6A /* AlbumVC.swift in Sources */ = {isa = PBXBuildFile; fileRef = 4DC669A41D5C5210006CBF6A /* AlbumVC.swift */; };
		4DC669A81D5C5676006CBF6A /* interest.swift in Sources */ = {isa = PBXBuildFile; fileRef = 4DC669A71D5C5676006CBF6A /* interest.swift */; };
		4DC669AC1D5C59CD006CBF6A /* InterestCollectionViewCell.swift in Sources */ = {isa = PBXBuildFile; fileRef = 4DC669AB1D5C59CD006CBF6A /* InterestCollectionViewCell.swift */; };
		4DD7EF881D912C7F00809E5C /* bg-header.jpg in Resources */ = {isa = PBXBuildFile; fileRef = 4DD7EF871D912C7F00809E5C /* bg-header.jpg */; };
		4DD7EF8A1D912F7A00809E5C /* NewsItem.swift in Sources */ = {isa = PBXBuildFile; fileRef = 4DD7EF891D912F7A00809E5C /* NewsItem.swift */; };
		4DD7EF8C1D91334C00809E5C /* ItemCell.swift in Sources */ = {isa = PBXBuildFile; fileRef = 4DD7EF8B1D91334C00809E5C /* ItemCell.swift */; };
		4DDA2C891D3552560015C9FE /* AboutVC.swift in Sources */ = {isa = PBXBuildFile; fileRef = 4DDA2C881D3552560015C9FE /* AboutVC.swift */; };
		4DDC7EE01D7FECBD00BCAF64 /* Hokusai.swift in Sources */ = {isa = PBXBuildFile; fileRef = 4DDC7EDF1D7FECBD00BCAF64 /* Hokusai.swift */; };
		4DE338861D27ED46001373E3 /* uploadVC.swift in Sources */ = {isa = PBXBuildFile; fileRef = 4DE338851D27ED46001373E3 /* uploadVC.swift */; };
		4DE3388A1D27F455001373E3 /* MaterialButton.swift in Sources */ = {isa = PBXBuildFile; fileRef = 4DE338871D27F455001373E3 /* MaterialButton.swift */; };
		4DE3388B1D27F455001373E3 /* MaterialView.swift in Sources */ = {isa = PBXBuildFile; fileRef = 4DE338881D27F455001373E3 /* MaterialView.swift */; };
		4DE3388C1D27F455001373E3 /* MateriaTextField.swift in Sources */ = {isa = PBXBuildFile; fileRef = 4DE338891D27F455001373E3 /* MateriaTextField.swift */; };
		4DE34F081D92665100CB265B /* Comment.swift in Sources */ = {isa = PBXBuildFile; fileRef = 4DE34F071D92665100CB265B /* Comment.swift */; };
		4DE7A6171D2FC16500753A1C /* followersCell.swift in Sources */ = {isa = PBXBuildFile; fileRef = 4DE7A6161D2FC16500753A1C /* followersCell.swift */; };
		4DEA614C1D2D3FA300C242B8 /* image.png in Resources */ = {isa = PBXBuildFile; fileRef = 4DEA614B1D2D3FA300C242B8 /* image.png */; };
		4DEA614E1D2D415E00C242B8 /* key.png in Resources */ = {isa = PBXBuildFile; fileRef = 4DEA614D1D2D415E00C242B8 /* key.png */; };
		4DF05C6A1D929E0F0036A7C1 /* post_comment.swift in Sources */ = {isa = PBXBuildFile; fileRef = 4DF05C691D929E0F0036A7C1 /* post_comment.swift */; };
		4DFD19081D64C00D003CEF78 /* file-14.png in Resources */ = {isa = PBXBuildFile; fileRef = 4DFD19071D64C00D003CEF78 /* file-14.png */; };
/* End PBXBuildFile section */

/* Begin PBXFileReference section */
		297DCA1CA735E14A1236D0C9 /* Pods-babySample.release.xcconfig */ = {isa = PBXFileReference; includeInIndex = 1; lastKnownFileType = text.xcconfig; name = "Pods-babySample.release.xcconfig"; path = "Pods/Target Support Files/Pods-babySample/Pods-babySample.release.xcconfig"; sourceTree = "<group>"; };
		4D034CB01D7F117500A7DFB8 /* EZYGradientView.swift */ = {isa = PBXFileReference; fileEncoding = 4; lastKnownFileType = sourcecode.swift; path = EZYGradientView.swift; sourceTree = "<group>"; };
		4D0476CC1D6F598C0004CCA1 /* KDCircularProgress.swift */ = {isa = PBXFileReference; fileEncoding = 4; lastKnownFileType = sourcecode.swift; path = KDCircularProgress.swift; sourceTree = "<group>"; };
		4D0476CE1D6F60B10004CCA1 /* notepad-2.png */ = {isa = PBXFileReference; lastKnownFileType = image.png; path = "notepad-2.png"; sourceTree = "<group>"; };
		4D0D2FA11D98FA8C00B2A1B7 /* MedicineVC.swift */ = {isa = PBXFileReference; fileEncoding = 4; lastKnownFileType = sourcecode.swift; path = MedicineVC.swift; sourceTree = "<group>"; };
		4D0D2FA61D9903BD00B2A1B7 /* medicineCell.swift */ = {isa = PBXFileReference; fileEncoding = 4; lastKnownFileType = sourcecode.swift; path = medicineCell.swift; sourceTree = "<group>"; };
		4D0D2FA81D9906A900B2A1B7 /* Medicine.swift */ = {isa = PBXFileReference; fileEncoding = 4; lastKnownFileType = sourcecode.swift; path = Medicine.swift; sourceTree = "<group>"; };
		4D12589F1D2CC4D100A7B6B9 /* followersVC.swift */ = {isa = PBXFileReference; fileEncoding = 4; lastKnownFileType = sourcecode.swift; path = followersVC.swift; sourceTree = "<group>"; };
		4D1258A31D2CD55600A7B6B9 /* shield-1.png */ = {isa = PBXFileReference; lastKnownFileType = image.png; path = "shield-1.png"; sourceTree = "<group>"; };
		4D1258A51D2CD94000A7B6B9 /* tabVC.swift */ = {isa = PBXFileReference; fileEncoding = 4; lastKnownFileType = sourcecode.swift; path = tabVC.swift; sourceTree = "<group>"; };
		4D1258A71D2CD96800A7B6B9 /* navVC.swift */ = {isa = PBXFileReference; fileEncoding = 4; lastKnownFileType = sourcecode.swift; path = navVC.swift; sourceTree = "<group>"; };
		4D2D44C41D0DA51000E6CE0D /* FeedCell.swift */ = {isa = PBXFileReference; fileEncoding = 4; lastKnownFileType = sourcecode.swift; path = FeedCell.swift; sourceTree = "<group>"; };
		4D2D44C61D0DA5BE00E6CE0D /* Extensions.swift */ = {isa = PBXFileReference; fileEncoding = 4; lastKnownFileType = sourcecode.swift; path = Extensions.swift; sourceTree = "<group>"; };
		4D2D44C81D0DA6D000E6CE0D /* Post.swift */ = {isa = PBXFileReference; fileEncoding = 4; lastKnownFileType = sourcecode.swift; path = Post.swift; sourceTree = "<group>"; };
		4D33C0761D5D865100CEEDFB /* NetData.swift */ = {isa = PBXFileReference; fileEncoding = 4; lastKnownFileType = sourcecode.swift; path = NetData.swift; sourceTree = "<group>"; };
		4D34AC511D82570000BD4DD2 /* InterfaceController.swift */ = {isa = PBXFileReference; fileEncoding = 4; lastKnownFileType = sourcecode.swift; path = InterfaceController.swift; sourceTree = "<group>"; };
		4D34AC521D82570000BD4DD2 /* SwipeViewController.swift */ = {isa = PBXFileReference; fileEncoding = 4; lastKnownFileType = sourcecode.swift; path = SwipeViewController.swift; sourceTree = "<group>"; };
		4D3749D81D07FFD100F57F68 /* babySample.app */ = {isa = PBXFileReference; explicitFileType = wrapper.application; includeInIndex = 0; path = babySample.app; sourceTree = BUILT_PRODUCTS_DIR; };
		4D3749DB1D07FFD100F57F68 /* AppDelegate.swift */ = {isa = PBXFileReference; lastKnownFileType = sourcecode.swift; path = AppDelegate.swift; sourceTree = "<group>"; };
		4D3749E01D07FFD100F57F68 /* Base */ = {isa = PBXFileReference; lastKnownFileType = file.storyboard; name = Base; path = Base.lproj/Main.storyboard; sourceTree = "<group>"; };
		4D3749E31D07FFD100F57F68 /* babySample.xcdatamodel */ = {isa = PBXFileReference; lastKnownFileType = wrapper.xcdatamodel; path = babySample.xcdatamodel; sourceTree = "<group>"; };
		4D3749E51D07FFD100F57F68 /* Assets.xcassets */ = {isa = PBXFileReference; lastKnownFileType = folder.assetcatalog; path = Assets.xcassets; sourceTree = "<group>"; };
		4D3749E81D07FFD100F57F68 /* Base */ = {isa = PBXFileReference; lastKnownFileType = file.storyboard; name = Base; path = Base.lproj/LaunchScreen.storyboard; sourceTree = "<group>"; };
		4D3749EA1D07FFD100F57F68 /* Info.plist */ = {isa = PBXFileReference; lastKnownFileType = text.plist.xml; path = Info.plist; sourceTree = "<group>"; };
		4D3749F31D087C8000F57F68 /* SkyFloatingLabelTextField.swift */ = {isa = PBXFileReference; fileEncoding = 4; lastKnownFileType = sourcecode.swift; path = SkyFloatingLabelTextField.swift; sourceTree = "<group>"; };
		4D3749F41D087C8000F57F68 /* SkyFloatingLabelTextFieldWithIcon.swift */ = {isa = PBXFileReference; fileEncoding = 4; lastKnownFileType = sourcecode.swift; path = SkyFloatingLabelTextFieldWithIcon.swift; sourceTree = "<group>"; };
		4D3749F51D087C8000F57F68 /* UITextField+fixCaretPosition.swift */ = {isa = PBXFileReference; fileEncoding = 4; lastKnownFileType = sourcecode.swift; path = "UITextField+fixCaretPosition.swift"; sourceTree = "<group>"; };
		4D3749F91D087CC500F57F68 /* LoginController.swift */ = {isa = PBXFileReference; fileEncoding = 4; lastKnownFileType = sourcecode.swift; path = LoginController.swift; sourceTree = "<group>"; };
		4D3749FD1D0884B900F57F68 /* fontawesome-webfont.ttf */ = {isa = PBXFileReference; lastKnownFileType = file; name = "fontawesome-webfont.ttf"; path = "../fontawesome-webfont.ttf"; sourceTree = "<group>"; };
		4D3A38AA1D8BADBD001D0D8D /* BabyCreateVC.swift */ = {isa = PBXFileReference; fileEncoding = 4; lastKnownFileType = sourcecode.swift; path = BabyCreateVC.swift; sourceTree = "<group>"; };
		4D3A38AC1D8C6FD2001D0D8D /* pacifier.png */ = {isa = PBXFileReference; lastKnownFileType = image.png; path = pacifier.png; sourceTree = "<group>"; };
		4D41AE771D9C06E000AF772F /* NewViewController.swift */ = {isa = PBXFileReference; fileEncoding = 4; lastKnownFileType = sourcecode.swift; path = NewViewController.swift; sourceTree = "<group>"; };
		4D41AE791D9C075B00AF772F /* EditViewController.swift */ = {isa = PBXFileReference; fileEncoding = 4; lastKnownFileType = sourcecode.swift; path = EditViewController.swift; sourceTree = "<group>"; };
		4D41AE7B1D9C089900AF772F /* NoteVC.swift */ = {isa = PBXFileReference; fileEncoding = 4; lastKnownFileType = sourcecode.swift; path = NoteVC.swift; sourceTree = "<group>"; };
		4D41AE801D9C10DA00AF772F /* TodoItem.swift */ = {isa = PBXFileReference; fileEncoding = 4; lastKnownFileType = sourcecode.swift; path = TodoItem.swift; sourceTree = "<group>"; };
		4D41AE821D9C111A00AF772F /* TodoItem+CoreDataProperties.swift */ = {isa = PBXFileReference; fileEncoding = 4; lastKnownFileType = sourcecode.swift; path = "TodoItem+CoreDataProperties.swift"; sourceTree = "<group>"; };
		4D4B005F1D0C5048007E45A9 /* FeedController.swift */ = {isa = PBXFileReference; fileEncoding = 4; lastKnownFileType = sourcecode.swift; name = FeedController.swift; path = SkyFloatingLabelTextField/FeedController.swift; sourceTree = "<group>"; };
		4D54494D1D2A20A1006461DC /* add.png */ = {isa = PBXFileReference; lastKnownFileType = image.png; path = add.png; sourceTree = "<group>"; };
		4D54494E1D2A20A1006461DC /* calendar.png */ = {isa = PBXFileReference; lastKnownFileType = image.png; path = calendar.png; sourceTree = "<group>"; };
		4D54494F1D2A20A1006461DC /* cross.png */ = {isa = PBXFileReference; lastKnownFileType = image.png; path = cross.png; sourceTree = "<group>"; };
		4D5449501D2A20A1006461DC /* error.png */ = {isa = PBXFileReference; lastKnownFileType = image.png; path = error.png; sourceTree = "<group>"; };
		4D5449511D2A20A1006461DC /* info.png */ = {isa = PBXFileReference; lastKnownFileType = image.png; path = info.png; sourceTree = "<group>"; };
		4D5449521D2A20A1006461DC /* like-1.png */ = {isa = PBXFileReference; lastKnownFileType = image.png; path = "like-1.png"; sourceTree = "<group>"; };
		4D5449531D2A20A1006461DC /* like_.png */ = {isa = PBXFileReference; lastKnownFileType = image.png; path = like_.png; sourceTree = "<group>"; };
		4D5449541D2A20A1006461DC /* list.png */ = {isa = PBXFileReference; lastKnownFileType = image.png; path = list.png; sourceTree = "<group>"; };
		4D5449551D2A20A1006461DC /* navigation.png */ = {isa = PBXFileReference; lastKnownFileType = image.png; path = navigation.png; sourceTree = "<group>"; };
		4D5449561D2A20A1006461DC /* picture.png */ = {isa = PBXFileReference; lastKnownFileType = image.png; path = picture.png; sourceTree = "<group>"; };
		4D5449571D2A20A1006461DC /* settings.png */ = {isa = PBXFileReference; lastKnownFileType = image.png; path = settings.png; sourceTree = "<group>"; };
		4D5449581D2A20A1006461DC /* success.png */ = {isa = PBXFileReference; lastKnownFileType = image.png; path = success.png; sourceTree = "<group>"; };
		4D5449591D2A20A1006461DC /* user.png */ = {isa = PBXFileReference; lastKnownFileType = image.png; path = user.png; sourceTree = "<group>"; };
		4D54495A1D2A20A1006461DC /* users.png */ = {isa = PBXFileReference; lastKnownFileType = image.png; path = users.png; sourceTree = "<group>"; };
		4D5449691D2A276D006461DC /* database.png */ = {isa = PBXFileReference; lastKnownFileType = image.png; path = database.png; sourceTree = "<group>"; };
		4D54496B1D2A292F006461DC /* cloud-computing-2.png */ = {isa = PBXFileReference; lastKnownFileType = image.png; path = "cloud-computing-2.png"; sourceTree = "<group>"; };
		4D54496D1D2A2970006461DC /* server-2.png */ = {isa = PBXFileReference; lastKnownFileType = image.png; path = "server-2.png"; sourceTree = "<group>"; };
		4D54496F1D2A29B7006461DC /* list-4.png */ = {isa = PBXFileReference; lastKnownFileType = image.png; path = "list-4.png"; sourceTree = "<group>"; };
		4D5449711D2A2FB0006461DC /* user-43.png */ = {isa = PBXFileReference; lastKnownFileType = image.png; path = "user-43.png"; sourceTree = "<group>"; };
		4D5449731D2A467C006461DC /* warning.png */ = {isa = PBXFileReference; lastKnownFileType = image.png; path = warning.png; sourceTree = "<group>"; };
		4D5B99171D86C06B0096D63A /* LikeUsersVC.swift */ = {isa = PBXFileReference; fileEncoding = 4; lastKnownFileType = sourcecode.swift; path = LikeUsersVC.swift; sourceTree = "<group>"; };
		4D5B99191D86C15C0096D63A /* UserCell.swift */ = {isa = PBXFileReference; fileEncoding = 4; lastKnownFileType = sourcecode.swift; path = UserCell.swift; sourceTree = "<group>"; };
		4D5C4D6C1D73664D007ADAFB /* PreviewViewController.swift */ = {isa = PBXFileReference; fileEncoding = 4; lastKnownFileType = sourcecode.swift; path = PreviewViewController.swift; sourceTree = "<group>"; };
		4D6B1AA71D2546FD00405E2B /* homeVC.swift */ = {isa = PBXFileReference; fileEncoding = 4; lastKnownFileType = sourcecode.swift; path = homeVC.swift; sourceTree = "<group>"; };
		4D6B1AA91D2548D000405E2B /* headerView.swift */ = {isa = PBXFileReference; fileEncoding = 4; lastKnownFileType = sourcecode.swift; path = headerView.swift; sourceTree = "<group>"; };
		4D6DBB4C1D983E200039533C /* Baby_Fascicle.swift */ = {isa = PBXFileReference; fileEncoding = 4; lastKnownFileType = sourcecode.swift; path = Baby_Fascicle.swift; sourceTree = "<group>"; };
		4D6DBB4E1D98C1B10039533C /* multipleChoseVC.swift */ = {isa = PBXFileReference; fileEncoding = 4; lastKnownFileType = sourcecode.swift; path = multipleChoseVC.swift; sourceTree = "<group>"; };
		4D6DBB501D98D3F80039533C /* album_searchVC.swift */ = {isa = PBXFileReference; fileEncoding = 4; lastKnownFileType = sourcecode.swift; path = album_searchVC.swift; sourceTree = "<group>"; };
		4D6DBB521D98D5780039533C /* album.swift */ = {isa = PBXFileReference; fileEncoding = 4; lastKnownFileType = sourcecode.swift; path = album.swift; sourceTree = "<group>"; };
		4D6DBB551D98D93F0039533C /* albumCell.swift */ = {isa = PBXFileReference; fileEncoding = 4; lastKnownFileType = sourcecode.swift; path = albumCell.swift; sourceTree = "<group>"; };
		4D6EF6C31D3D1FFB00931BB6 /* userVC.swift */ = {isa = PBXFileReference; fileEncoding = 4; lastKnownFileType = sourcecode.swift; path = userVC.swift; sourceTree = "<group>"; };
		4D9761481D227F4F00FE9C80 /* signUpVC.swift */ = {isa = PBXFileReference; fileEncoding = 4; lastKnownFileType = sourcecode.swift; path = signUpVC.swift; sourceTree = "<group>"; };
		4D9782671D744F960000F030 /* PostVC.swift */ = {isa = PBXFileReference; fileEncoding = 4; lastKnownFileType = sourcecode.swift; path = PostVC.swift; sourceTree = "<group>"; };
		4D9AE7031D619279007AF70B /* avaVC.swift */ = {isa = PBXFileReference; fileEncoding = 4; lastKnownFileType = sourcecode.swift; path = avaVC.swift; sourceTree = "<group>"; };
		4D9EC4C71D93A63C004F9120 /* BabyInfoVC.swift */ = {isa = PBXFileReference; fileEncoding = 4; lastKnownFileType = sourcecode.swift; path = BabyInfoVC.swift; sourceTree = "<group>"; };
		4D9EC4C91D93C295004F9120 /* infoCell.swift */ = {isa = PBXFileReference; fileEncoding = 4; lastKnownFileType = sourcecode.swift; path = infoCell.swift; sourceTree = "<group>"; };
		4D9EC4CB1D93C2E4004F9120 /* Baby.swift */ = {isa = PBXFileReference; fileEncoding = 4; lastKnownFileType = sourcecode.swift; path = Baby.swift; sourceTree = "<group>"; };
		4DA01D691D42170F0041B482 /* ApiService.swift */ = {isa = PBXFileReference; fileEncoding = 4; lastKnownFileType = sourcecode.swift; path = ApiService.swift; sourceTree = "<group>"; };
		4DAA53681D3202510099B78E /* EditVC.swift */ = {isa = PBXFileReference; fileEncoding = 4; lastKnownFileType = sourcecode.swift; path = EditVC.swift; sourceTree = "<group>"; };
		4DABA2811D7E98D50098E6C1 /* MenuViewController.swift */ = {isa = PBXFileReference; fileEncoding = 4; lastKnownFileType = sourcecode.swift; path = MenuViewController.swift; sourceTree = "<group>"; };
		4DABA2841D7E9BC60098E6C1 /* GuillotineMenuTransitionAnimation.swift */ = {isa = PBXFileReference; fileEncoding = 4; lastKnownFileType = sourcecode.swift; path = GuillotineMenuTransitionAnimation.swift; sourceTree = "<group>"; };
		4DABA2851D7E9BC60098E6C1 /* ic_menu@3x.png */ = {isa = PBXFileReference; lastKnownFileType = image.png; path = "ic_menu@3x.png"; sourceTree = "<group>"; };
		4DABA28B1D7E9F040098E6C1 /* ic_activity@3x.png */ = {isa = PBXFileReference; lastKnownFileType = image.png; path = "ic_activity@3x.png"; sourceTree = "<group>"; };
		4DABA28C1D7E9F040098E6C1 /* ic_feed@3x.png */ = {isa = PBXFileReference; lastKnownFileType = image.png; path = "ic_feed@3x.png"; sourceTree = "<group>"; };
		4DABA28D1D7E9F040098E6C1 /* ic_menuRotated@3x.png */ = {isa = PBXFileReference; lastKnownFileType = image.png; path = "ic_menuRotated@3x.png"; sourceTree = "<group>"; };
		4DABA28E1D7E9F040098E6C1 /* ic_profile@3x.png */ = {isa = PBXFileReference; lastKnownFileType = image.png; path = "ic_profile@3x.png"; sourceTree = "<group>"; };
		4DABA28F1D7E9F040098E6C1 /* ic_settings@3x.png */ = {isa = PBXFileReference; lastKnownFileType = image.png; path = "ic_settings@3x.png"; sourceTree = "<group>"; };
		4DABA2971D7EC9620098E6C1 /* BabyCreate_Anchor.swift */ = {isa = PBXFileReference; fileEncoding = 4; lastKnownFileType = sourcecode.swift; path = BabyCreate_Anchor.swift; sourceTree = "<group>"; };
		4DAFE8BD1D2588810000334F /* Constants.swift */ = {isa = PBXFileReference; fileEncoding = 4; lastKnownFileType = sourcecode.swift; path = Constants.swift; sourceTree = "<group>"; };
		4DBA164B1D41EB6E009F35FC /* guestVC.swift */ = {isa = PBXFileReference; fileEncoding = 4; lastKnownFileType = sourcecode.swift; path = guestVC.swift; sourceTree = "<group>"; };
		4DC669A41D5C5210006CBF6A /* AlbumVC.swift */ = {isa = PBXFileReference; fileEncoding = 4; lastKnownFileType = sourcecode.swift; path = AlbumVC.swift; sourceTree = "<group>"; };
		4DC669A71D5C5676006CBF6A /* interest.swift */ = {isa = PBXFileReference; fileEncoding = 4; lastKnownFileType = sourcecode.swift; path = interest.swift; sourceTree = "<group>"; };
		4DC669AB1D5C59CD006CBF6A /* InterestCollectionViewCell.swift */ = {isa = PBXFileReference; fileEncoding = 4; lastKnownFileType = sourcecode.swift; path = InterestCollectionViewCell.swift; sourceTree = "<group>"; };
		4DD7EF871D912C7F00809E5C /* bg-header.jpg */ = {isa = PBXFileReference; lastKnownFileType = image.jpeg; path = "bg-header.jpg"; sourceTree = "<group>"; };
		4DD7EF891D912F7A00809E5C /* NewsItem.swift */ = {isa = PBXFileReference; fileEncoding = 4; lastKnownFileType = sourcecode.swift; path = NewsItem.swift; sourceTree = "<group>"; };
		4DD7EF8B1D91334C00809E5C /* ItemCell.swift */ = {isa = PBXFileReference; fileEncoding = 4; lastKnownFileType = sourcecode.swift; path = ItemCell.swift; sourceTree = "<group>"; };
		4DDA2C881D3552560015C9FE /* AboutVC.swift */ = {isa = PBXFileReference; fileEncoding = 4; lastKnownFileType = sourcecode.swift; path = AboutVC.swift; sourceTree = "<group>"; };
		4DDC7EDF1D7FECBD00BCAF64 /* Hokusai.swift */ = {isa = PBXFileReference; fileEncoding = 4; lastKnownFileType = sourcecode.swift; path = Hokusai.swift; sourceTree = "<group>"; };
		4DE338851D27ED46001373E3 /* uploadVC.swift */ = {isa = PBXFileReference; fileEncoding = 4; lastKnownFileType = sourcecode.swift; path = uploadVC.swift; sourceTree = "<group>"; };
		4DE338871D27F455001373E3 /* MaterialButton.swift */ = {isa = PBXFileReference; fileEncoding = 4; lastKnownFileType = sourcecode.swift; path = MaterialButton.swift; sourceTree = "<group>"; };
		4DE338881D27F455001373E3 /* MaterialView.swift */ = {isa = PBXFileReference; fileEncoding = 4; lastKnownFileType = sourcecode.swift; path = MaterialView.swift; sourceTree = "<group>"; };
		4DE338891D27F455001373E3 /* MateriaTextField.swift */ = {isa = PBXFileReference; fileEncoding = 4; lastKnownFileType = sourcecode.swift; path = MateriaTextField.swift; sourceTree = "<group>"; };
		4DE34F071D92665100CB265B /* Comment.swift */ = {isa = PBXFileReference; fileEncoding = 4; lastKnownFileType = sourcecode.swift; path = Comment.swift; sourceTree = "<group>"; };
		4DE7A6161D2FC16500753A1C /* followersCell.swift */ = {isa = PBXFileReference; fileEncoding = 4; lastKnownFileType = sourcecode.swift; path = followersCell.swift; sourceTree = "<group>"; };
		4DEA614B1D2D3FA300C242B8 /* image.png */ = {isa = PBXFileReference; lastKnownFileType = image.png; path = image.png; sourceTree = "<group>"; };
		4DEA614D1D2D415E00C242B8 /* key.png */ = {isa = PBXFileReference; lastKnownFileType = image.png; path = key.png; sourceTree = "<group>"; };
		4DF05C691D929E0F0036A7C1 /* post_comment.swift */ = {isa = PBXFileReference; fileEncoding = 4; lastKnownFileType = sourcecode.swift; path = post_comment.swift; sourceTree = "<group>"; };
		4DFD19071D64C00D003CEF78 /* file-14.png */ = {isa = PBXFileReference; lastKnownFileType = image.png; path = "file-14.png"; sourceTree = "<group>"; };
		8C2472A7F6351D4CF62F0C27 /* Pods_babySample.framework */ = {isa = PBXFileReference; explicitFileType = wrapper.framework; includeInIndex = 0; path = Pods_babySample.framework; sourceTree = BUILT_PRODUCTS_DIR; };
		B7AA36BF83BDFB32C5035B72 /* Pods-babySample.debug.xcconfig */ = {isa = PBXFileReference; includeInIndex = 1; lastKnownFileType = text.xcconfig; name = "Pods-babySample.debug.xcconfig"; path = "Pods/Target Support Files/Pods-babySample/Pods-babySample.debug.xcconfig"; sourceTree = "<group>"; };
/* End PBXFileReference section */

/* Begin PBXFrameworksBuildPhase section */
		4D3749D51D07FFD100F57F68 /* Frameworks */ = {
			isa = PBXFrameworksBuildPhase;
			buildActionMask = 2147483647;
			files = (
				3F2039D6DC947AA6FB6E13B4 /* Pods_babySample.framework in Frameworks */,
			);
			runOnlyForDeploymentPostprocessing = 0;
		};
/* End PBXFrameworksBuildPhase section */

/* Begin PBXGroup section */
		49341A0C68A6A28E97C4AD8D /* Pods */ = {
			isa = PBXGroup;
			children = (
				B7AA36BF83BDFB32C5035B72 /* Pods-babySample.debug.xcconfig */,
				297DCA1CA735E14A1236D0C9 /* Pods-babySample.release.xcconfig */,
			);
			name = Pods;
			sourceTree = "<group>";
		};
		4D034CAF1D7F117500A7DFB8 /* EZYGradientView */ = {
			isa = PBXGroup;
			children = (
				4D034CB01D7F117500A7DFB8 /* EZYGradientView.swift */,
			);
			path = EZYGradientView;
			sourceTree = "<group>";
		};
		4D0476CB1D6F598C0004CCA1 /* KDCircularProgress */ = {
			isa = PBXGroup;
			children = (
				4D0476CC1D6F598C0004CCA1 /* KDCircularProgress.swift */,
			);
			path = KDCircularProgress;
			sourceTree = "<group>";
		};
		4D0D2FA31D98FACB00B2A1B7 /* MedicineVC */ = {
			isa = PBXGroup;
			children = (
				4D41AE731D9C046F00AF772F /* Controller */,
				4D41AE741D9C047B00AF772F /* View */,
				4D41AE751D9C048100AF772F /* Model */,
			);
			name = MedicineVC;
			sourceTree = "<group>";
		};
		4D2D44CA1D0DB74500E6CE0D /* NewsFeed */ = {
			isa = PBXGroup;
			children = (
				4DE34F091D92791900CB265B /* Controller */,
				4DE34F0B1D92793800CB265B /* View */,
				4DE34F0A1D92792D00CB265B /* Model */,
			);
			name = NewsFeed;
			sourceTree = "<group>";
		};
		4D3749CF1D07FFD100F57F68 = {
			isa = PBXGroup;
			children = (
				4D3749DA1D07FFD100F57F68 /* babySample */,
				4D3749D91D07FFD100F57F68 /* Products */,
				49341A0C68A6A28E97C4AD8D /* Pods */,
				C9087353A80D5D3050AB8CF2 /* Frameworks */,
			);
			sourceTree = "<group>";
		};
		4D3749D91D07FFD100F57F68 /* Products */ = {
			isa = PBXGroup;
			children = (
				4D3749D81D07FFD100F57F68 /* babySample.app */,
			);
			name = Products;
			sourceTree = "<group>";
		};
		4D3749DA1D07FFD100F57F68 /* babySample */ = {
			isa = PBXGroup;
			children = (
				4D41AE701D9C03F200AF772F /* PageViewDelegate */,
				4D54494C1D2A20A1006461DC /* Icon */,
				4DDC7EE11D7FED2000BCAF64 /* Hokusai */,
				4D034CAF1D7F117500A7DFB8 /* EZYGradientView */,
				4D3749FC1D087D6400F57F68 /* Supporting Files */,
				4DABA2831D7E9BC60098E6C1 /* GuillotineMenu */,
				4D3749F21D087C8000F57F68 /* SkyFloatingLabelTextField */,
				4D0476CB1D6F598C0004CCA1 /* KDCircularProgress */,
				4D3749DB1D07FFD100F57F68 /* AppDelegate.swift */,
				4D2D44CA1D0DB74500E6CE0D /* NewsFeed */,
				4D0D2FA31D98FACB00B2A1B7 /* MedicineVC */,
				4D41AE761D9C048F00AF772F /* NoteVC */,
				4DD7EF861D912BBF00809E5C /* PostVC */,
				4DC669A61D5C5641006CBF6A /* Album */,
				4DABA2991D7EC96D0098E6C1 /* BabyApi */,
				4D2D44C61D0DA5BE00E6CE0D /* Extensions.swift */,
				4DA01D691D42170F0041B482 /* ApiService.swift */,
				4D3749F91D087CC500F57F68 /* LoginController.swift */,
				4D9761481D227F4F00FE9C80 /* signUpVC.swift */,
				4D6B1AA71D2546FD00405E2B /* homeVC.swift */,
				4D6B1AA91D2548D000405E2B /* headerView.swift */,
				4DBA164B1D41EB6E009F35FC /* guestVC.swift */,
				4DAA53681D3202510099B78E /* EditVC.swift */,
				4DE338851D27ED46001373E3 /* uploadVC.swift */,
				4D12589F1D2CC4D100A7B6B9 /* followersVC.swift */,
				4DE7A6161D2FC16500753A1C /* followersCell.swift */,
				4D1258A51D2CD94000A7B6B9 /* tabVC.swift */,
				4D1258A71D2CD96800A7B6B9 /* navVC.swift */,
				4D9AE7031D619279007AF70B /* avaVC.swift */,
				4DDA2C881D3552560015C9FE /* AboutVC.swift */,
				4D6EF6C31D3D1FFB00931BB6 /* userVC.swift */,
				4D3749DF1D07FFD100F57F68 /* Main.storyboard */,
				4D3749E51D07FFD100F57F68 /* Assets.xcassets */,
				4D3749E71D07FFD100F57F68 /* LaunchScreen.storyboard */,
				4D3749EA1D07FFD100F57F68 /* Info.plist */,
				4D3749E21D07FFD100F57F68 /* babySample.xcdatamodeld */,
			);
			path = babySample;
			sourceTree = "<group>";
		};
		4D3749F21D087C8000F57F68 /* SkyFloatingLabelTextField */ = {
			isa = PBXGroup;
			children = (
				4D3749F31D087C8000F57F68 /* SkyFloatingLabelTextField.swift */,
				4D3749F41D087C8000F57F68 /* SkyFloatingLabelTextFieldWithIcon.swift */,
				4D3749F51D087C8000F57F68 /* UITextField+fixCaretPosition.swift */,
			);
			path = SkyFloatingLabelTextField;
			sourceTree = "<group>";
		};
		4D3749FC1D087D6400F57F68 /* Supporting Files */ = {
			isa = PBXGroup;
			children = (
				4D33C0761D5D865100CEEDFB /* NetData.swift */,
				4DAFE8BD1D2588810000334F /* Constants.swift */,
				4DE338871D27F455001373E3 /* MaterialButton.swift */,
				4DE338881D27F455001373E3 /* MaterialView.swift */,
				4DE338891D27F455001373E3 /* MateriaTextField.swift */,
				4D5C4D6C1D73664D007ADAFB /* PreviewViewController.swift */,
				4D3749FD1D0884B900F57F68 /* fontawesome-webfont.ttf */,
			);
			name = "Supporting Files";
			sourceTree = "<group>";
		};
		4D41AE701D9C03F200AF772F /* PageViewDelegate */ = {
			isa = PBXGroup;
			children = (
				4D34AC511D82570000BD4DD2 /* InterfaceController.swift */,
				4D34AC521D82570000BD4DD2 /* SwipeViewController.swift */,
			);
			name = PageViewDelegate;
			sourceTree = "<group>";
		};
		4D41AE731D9C046F00AF772F /* Controller */ = {
			isa = PBXGroup;
			children = (
				4D0D2FA11D98FA8C00B2A1B7 /* MedicineVC.swift */,
			);
			name = Controller;
			sourceTree = "<group>";
		};
		4D41AE741D9C047B00AF772F /* View */ = {
			isa = PBXGroup;
			children = (
				4D0D2FA61D9903BD00B2A1B7 /* medicineCell.swift */,
			);
			name = View;
			sourceTree = "<group>";
		};
		4D41AE751D9C048100AF772F /* Model */ = {
			isa = PBXGroup;
			children = (
				4D0D2FA81D9906A900B2A1B7 /* Medicine.swift */,
			);
			name = Model;
			sourceTree = "<group>";
		};
		4D41AE761D9C048F00AF772F /* NoteVC */ = {
			isa = PBXGroup;
			children = (
				4D41AE801D9C10DA00AF772F /* TodoItem.swift */,
				4D41AE821D9C111A00AF772F /* TodoItem+CoreDataProperties.swift */,
				4D41AE771D9C06E000AF772F /* NewViewController.swift */,
				4D41AE791D9C075B00AF772F /* EditViewController.swift */,
				4D41AE7B1D9C089900AF772F /* NoteVC.swift */,
			);
			name = NoteVC;
			sourceTree = "<group>";
		};
		4D54494C1D2A20A1006461DC /* Icon */ = {
			isa = PBXGroup;
			children = (
				4DFD19071D64C00D003CEF78 /* file-14.png */,
				4D5449731D2A467C006461DC /* warning.png */,
				4D54494D1D2A20A1006461DC /* add.png */,
				4D54494E1D2A20A1006461DC /* calendar.png */,
				4D54494F1D2A20A1006461DC /* cross.png */,
				4D5449501D2A20A1006461DC /* error.png */,
				4D5449511D2A20A1006461DC /* info.png */,
				4D5449521D2A20A1006461DC /* like-1.png */,
				4D5449531D2A20A1006461DC /* like_.png */,
				4D5449541D2A20A1006461DC /* list.png */,
				4D5449551D2A20A1006461DC /* navigation.png */,
				4D5449561D2A20A1006461DC /* picture.png */,
				4D5449571D2A20A1006461DC /* settings.png */,
				4D5449581D2A20A1006461DC /* success.png */,
				4D5449591D2A20A1006461DC /* user.png */,
				4D0476CE1D6F60B10004CCA1 /* notepad-2.png */,
				4D54495A1D2A20A1006461DC /* users.png */,
				4D5449691D2A276D006461DC /* database.png */,
				4D54496D1D2A2970006461DC /* server-2.png */,
				4D54496B1D2A292F006461DC /* cloud-computing-2.png */,
				4D54496F1D2A29B7006461DC /* list-4.png */,
				4D1258A31D2CD55600A7B6B9 /* shield-1.png */,
				4D5449711D2A2FB0006461DC /* user-43.png */,
				4DEA614B1D2D3FA300C242B8 /* image.png */,
				4DEA614D1D2D415E00C242B8 /* key.png */,
				4D3A38AC1D8C6FD2001D0D8D /* pacifier.png */,
			);
			path = Icon;
			sourceTree = "<group>";
		};
		4D6DBB441D9834EE0039533C /* Baby_ Fascicle */ = {
			isa = PBXGroup;
			children = (
				4D6DBB4C1D983E200039533C /* Baby_Fascicle.swift */,
				4D6DBB4E1D98C1B10039533C /* multipleChoseVC.swift */,
				4D6DBB501D98D3F80039533C /* album_searchVC.swift */,
				4D6DBB571D98D9440039533C /* View */,
				4D6DBB541D98D5DF0039533C /* Model */,
			);
			name = "Baby_ Fascicle";
			sourceTree = "<group>";
		};
		4D6DBB541D98D5DF0039533C /* Model */ = {
			isa = PBXGroup;
			children = (
				4D6DBB521D98D5780039533C /* album.swift */,
			);
			name = Model;
			sourceTree = "<group>";
		};
		4D6DBB571D98D9440039533C /* View */ = {
			isa = PBXGroup;
			children = (
				4D6DBB551D98D93F0039533C /* albumCell.swift */,
			);
			name = View;
			sourceTree = "<group>";
		};
		4D9EC4C51D93A478004F9120 /* Baby_Create */ = {
			isa = PBXGroup;
			children = (
				4D3A38AA1D8BADBD001D0D8D /* BabyCreateVC.swift */,
				4DABA2971D7EC9620098E6C1 /* BabyCreate_Anchor.swift */,
			);
			name = Baby_Create;
			sourceTree = "<group>";
		};
		4D9EC4C61D93A4E5004F9120 /* Baby_Info */ = {
			isa = PBXGroup;
			children = (
				4D9EC4C71D93A63C004F9120 /* BabyInfoVC.swift */,
				4D9EC4C91D93C295004F9120 /* infoCell.swift */,
				4D9EC4CB1D93C2E4004F9120 /* Baby.swift */,
			);
			name = Baby_Info;
			sourceTree = "<group>";
		};
		4DABA2831D7E9BC60098E6C1 /* GuillotineMenu */ = {
			isa = PBXGroup;
			children = (
				4DABA2881D7E9F040098E6C1 /* Assets */,
				4DABA2841D7E9BC60098E6C1 /* GuillotineMenuTransitionAnimation.swift */,
				4DABA2851D7E9BC60098E6C1 /* ic_menu@3x.png */,
			);
			path = GuillotineMenu;
			sourceTree = "<group>";
		};
		4DABA2881D7E9F040098E6C1 /* Assets */ = {
			isa = PBXGroup;
			children = (
				4DABA28B1D7E9F040098E6C1 /* ic_activity@3x.png */,
				4DABA28C1D7E9F040098E6C1 /* ic_feed@3x.png */,
				4DABA28D1D7E9F040098E6C1 /* ic_menuRotated@3x.png */,
				4DABA28E1D7E9F040098E6C1 /* ic_profile@3x.png */,
				4DABA28F1D7E9F040098E6C1 /* ic_settings@3x.png */,
			);
			path = Assets;
			sourceTree = "<group>";
		};
		4DABA2991D7EC96D0098E6C1 /* BabyApi */ = {
			isa = PBXGroup;
			children = (
				4D9EC4C51D93A478004F9120 /* Baby_Create */,
				4D9EC4C61D93A4E5004F9120 /* Baby_Info */,
				4D6DBB441D9834EE0039533C /* Baby_ Fascicle */,
			);
			name = BabyApi;
			sourceTree = "<group>";
		};
		4DC669A61D5C5641006CBF6A /* Album */ = {
			isa = PBXGroup;
			children = (
				4DC669AA1D5C5739006CBF6A /* Controller */,
				4DC669A91D5C572F006CBF6A /* Model */,
				4DC669AD1D5C59D2006CBF6A /* View */,
			);
			name = Album;
			sourceTree = "<group>";
		};
		4DC669A91D5C572F006CBF6A /* Model */ = {
			isa = PBXGroup;
			children = (
				4DC669A71D5C5676006CBF6A /* interest.swift */,
			);
			name = Model;
			sourceTree = "<group>";
		};
		4DC669AA1D5C5739006CBF6A /* Controller */ = {
			isa = PBXGroup;
			children = (
				4DC669A41D5C5210006CBF6A /* AlbumVC.swift */,
				4DABA2811D7E98D50098E6C1 /* MenuViewController.swift */,
			);
			name = Controller;
			sourceTree = "<group>";
		};
		4DC669AD1D5C59D2006CBF6A /* View */ = {
			isa = PBXGroup;
			children = (
				4DC669AB1D5C59CD006CBF6A /* InterestCollectionViewCell.swift */,
			);
			name = View;
			sourceTree = "<group>";
		};
		4DD7EF861D912BBF00809E5C /* PostVC */ = {
			isa = PBXGroup;
			children = (
				4DD7EF871D912C7F00809E5C /* bg-header.jpg */,
				4DD7EF891D912F7A00809E5C /* NewsItem.swift */,
				4D9782671D744F960000F030 /* PostVC.swift */,
				4DF05C691D929E0F0036A7C1 /* post_comment.swift */,
				4DD7EF8B1D91334C00809E5C /* ItemCell.swift */,
			);
			name = PostVC;
			sourceTree = "<group>";
		};
		4DDC7EE11D7FED2000BCAF64 /* Hokusai */ = {
			isa = PBXGroup;
			children = (
				4DDC7EDF1D7FECBD00BCAF64 /* Hokusai.swift */,
			);
			name = Hokusai;
			sourceTree = "<group>";
		};
		4DE34F091D92791900CB265B /* Controller */ = {
			isa = PBXGroup;
			children = (
				4D4B005F1D0C5048007E45A9 /* FeedController.swift */,
				4D5B99171D86C06B0096D63A /* LikeUsersVC.swift */,
			);
			name = Controller;
			sourceTree = "<group>";
		};
		4DE34F0A1D92792D00CB265B /* Model */ = {
			isa = PBXGroup;
			children = (
				4D2D44C81D0DA6D000E6CE0D /* Post.swift */,
				4DE34F071D92665100CB265B /* Comment.swift */,
			);
			name = Model;
			sourceTree = "<group>";
		};
		4DE34F0B1D92793800CB265B /* View */ = {
			isa = PBXGroup;
			children = (
				4D2D44C41D0DA51000E6CE0D /* FeedCell.swift */,
				4D5B99191D86C15C0096D63A /* UserCell.swift */,
			);
			name = View;
			sourceTree = "<group>";
		};
		C9087353A80D5D3050AB8CF2 /* Frameworks */ = {
			isa = PBXGroup;
			children = (
				8C2472A7F6351D4CF62F0C27 /* Pods_babySample.framework */,
			);
			name = Frameworks;
			sourceTree = "<group>";
		};
/* End PBXGroup section */

/* Begin PBXNativeTarget section */
		4D3749D71D07FFD100F57F68 /* babySample */ = {
			isa = PBXNativeTarget;
			buildConfigurationList = 4D3749ED1D07FFD100F57F68 /* Build configuration list for PBXNativeTarget "babySample" */;
			buildPhases = (
				09A65F1704D382203158B4D9 /* [CP] Check Pods Manifest.lock */,
				4D3749D41D07FFD100F57F68 /* Sources */,
				4D3749D51D07FFD100F57F68 /* Frameworks */,
				4D3749D61D07FFD100F57F68 /* Resources */,
				6B8B910E5DAE44027434EBDB /* [CP] Embed Pods Frameworks */,
				1BAE7C2C4A7919D437321132 /* [CP] Copy Pods Resources */,
			);
			buildRules = (
			);
			dependencies = (
			);
			name = babySample;
			productName = babySample;
			productReference = 4D3749D81D07FFD100F57F68 /* babySample.app */;
			productType = "com.apple.product-type.application";
		};
/* End PBXNativeTarget section */

/* Begin PBXProject section */
		4D3749D01D07FFD100F57F68 /* Project object */ = {
			isa = PBXProject;
			attributes = {
				LastSwiftUpdateCheck = 0730;
				LastUpgradeCheck = 0730;
				ORGANIZATIONNAME = "蔡鈞";
				TargetAttributes = {
					4D3749D71D07FFD100F57F68 = {
						CreatedOnToolsVersion = 7.3.1;
						DevelopmentTeam = 57JJX53Y6C;
					};
				};
			};
			buildConfigurationList = 4D3749D31D07FFD100F57F68 /* Build configuration list for PBXProject "babySample" */;
			compatibilityVersion = "Xcode 3.2";
			developmentRegion = English;
			hasScannedForEncodings = 0;
			knownRegions = (
				en,
				Base,
			);
			mainGroup = 4D3749CF1D07FFD100F57F68;
			productRefGroup = 4D3749D91D07FFD100F57F68 /* Products */;
			projectDirPath = "";
			projectRoot = "";
			targets = (
				4D3749D71D07FFD100F57F68 /* babySample */,
			);
		};
/* End PBXProject section */

/* Begin PBXResourcesBuildPhase section */
		4D3749D61D07FFD100F57F68 /* Resources */ = {
			isa = PBXResourcesBuildPhase;
			buildActionMask = 2147483647;
			files = (
				4D5449601D2A20A1006461DC /* like-1.png in Resources */,
				4D54495D1D2A20A1006461DC /* cross.png in Resources */,
				4D5449631D2A20A1006461DC /* navigation.png in Resources */,
				4D3749E91D07FFD100F57F68 /* LaunchScreen.storyboard in Resources */,
				4D5449721D2A2FB0006461DC /* user-43.png in Resources */,
				4DEA614C1D2D3FA300C242B8 /* image.png in Resources */,
				4D0476CF1D6F60B10004CCA1 /* notepad-2.png in Resources */,
				4D54495F1D2A20A1006461DC /* info.png in Resources */,
				4DABA2961D7E9F040098E6C1 /* ic_settings@3x.png in Resources */,
				4D54495C1D2A20A1006461DC /* calendar.png in Resources */,
				4D5449681D2A20A1006461DC /* users.png in Resources */,
				4D5449651D2A20A1006461DC /* settings.png in Resources */,
				4D54496A1D2A276D006461DC /* database.png in Resources */,
				4D54496C1D2A292F006461DC /* cloud-computing-2.png in Resources */,
				4D5449661D2A20A1006461DC /* success.png in Resources */,
				4D5449741D2A467C006461DC /* warning.png in Resources */,
				4D3749FE1D0884B900F57F68 /* fontawesome-webfont.ttf in Resources */,
				4D54496E1D2A2970006461DC /* server-2.png in Resources */,
				4D3A38AD1D8C6FD2001D0D8D /* pacifier.png in Resources */,
				4D3749E61D07FFD100F57F68 /* Assets.xcassets in Resources */,
				4D5449701D2A29B7006461DC /* list-4.png in Resources */,
				4DEA614E1D2D415E00C242B8 /* key.png in Resources */,
				4D5449641D2A20A1006461DC /* picture.png in Resources */,
				4D54495B1D2A20A1006461DC /* add.png in Resources */,
				4DABA2921D7E9F040098E6C1 /* ic_activity@3x.png in Resources */,
				4DABA2951D7E9F040098E6C1 /* ic_profile@3x.png in Resources */,
				4D54495E1D2A20A1006461DC /* error.png in Resources */,
				4D3749E11D07FFD100F57F68 /* Main.storyboard in Resources */,
				4DABA2871D7E9BC60098E6C1 /* ic_menu@3x.png in Resources */,
				4D1258A41D2CD55600A7B6B9 /* shield-1.png in Resources */,
				4D5449671D2A20A1006461DC /* user.png in Resources */,
				4DABA2931D7E9F040098E6C1 /* ic_feed@3x.png in Resources */,
				4DFD19081D64C00D003CEF78 /* file-14.png in Resources */,
				4DD7EF881D912C7F00809E5C /* bg-header.jpg in Resources */,
				4DABA2941D7E9F040098E6C1 /* ic_menuRotated@3x.png in Resources */,
				4D5449611D2A20A1006461DC /* like_.png in Resources */,
				4D5449621D2A20A1006461DC /* list.png in Resources */,
			);
			runOnlyForDeploymentPostprocessing = 0;
		};
/* End PBXResourcesBuildPhase section */

/* Begin PBXShellScriptBuildPhase section */
		09A65F1704D382203158B4D9 /* [CP] Check Pods Manifest.lock */ = {
			isa = PBXShellScriptBuildPhase;
			buildActionMask = 2147483647;
			files = (
			);
			inputPaths = (
			);
			name = "[CP] Check Pods Manifest.lock";
			outputPaths = (
			);
			runOnlyForDeploymentPostprocessing = 0;
			shellPath = /bin/sh;
			shellScript = "diff \"${PODS_ROOT}/../Podfile.lock\" \"${PODS_ROOT}/Manifest.lock\" > /dev/null\nif [[ $? != 0 ]] ; then\n    cat << EOM\nerror: The sandbox is not in sync with the Podfile.lock. Run 'pod install' or update your CocoaPods installation.\nEOM\n    exit 1\nfi\n";
			showEnvVarsInLog = 0;
		};
		1BAE7C2C4A7919D437321132 /* [CP] Copy Pods Resources */ = {
			isa = PBXShellScriptBuildPhase;
			buildActionMask = 2147483647;
			files = (
			);
			inputPaths = (
			);
			name = "[CP] Copy Pods Resources";
			outputPaths = (
			);
			runOnlyForDeploymentPostprocessing = 0;
			shellPath = /bin/sh;
			shellScript = "\"${SRCROOT}/Pods/Target Support Files/Pods-babySample/Pods-babySample-resources.sh\"\n";
			showEnvVarsInLog = 0;
		};
		6B8B910E5DAE44027434EBDB /* [CP] Embed Pods Frameworks */ = {
			isa = PBXShellScriptBuildPhase;
			buildActionMask = 2147483647;
			files = (
			);
			inputPaths = (
			);
			name = "[CP] Embed Pods Frameworks";
			outputPaths = (
			);
			runOnlyForDeploymentPostprocessing = 0;
			shellPath = /bin/sh;
			shellScript = "\"${SRCROOT}/Pods/Target Support Files/Pods-babySample/Pods-babySample-frameworks.sh\"\n";
			showEnvVarsInLog = 0;
		};
/* End PBXShellScriptBuildPhase section */

/* Begin PBXSourcesBuildPhase section */
		4D3749D41D07FFD100F57F68 /* Sources */ = {
			isa = PBXSourcesBuildPhase;
			buildActionMask = 2147483647;
			files = (
				4DC669AC1D5C59CD006CBF6A /* InterestCollectionViewCell.swift in Sources */,
				4D4B00601D0C5048007E45A9 /* FeedController.swift in Sources */,
				4D6B1AA81D2546FD00405E2B /* homeVC.swift in Sources */,
				4D2D44C71D0DA5BE00E6CE0D /* Extensions.swift in Sources */,
				4D034CB11D7F117500A7DFB8 /* EZYGradientView.swift in Sources */,
				4D34AC541D82570000BD4DD2 /* SwipeViewController.swift in Sources */,
				4D0476CD1D6F598C0004CCA1 /* KDCircularProgress.swift in Sources */,
				4D0D2FA91D9906A900B2A1B7 /* Medicine.swift in Sources */,
				4DE7A6171D2FC16500753A1C /* followersCell.swift in Sources */,
				4D9782681D744F960000F030 /* PostVC.swift in Sources */,
				4DE338861D27ED46001373E3 /* uploadVC.swift in Sources */,
				4D9EC4C81D93A63C004F9120 /* BabyInfoVC.swift in Sources */,
				4D6DBB4F1D98C1B10039533C /* multipleChoseVC.swift in Sources */,
				4D3749F81D087C8000F57F68 /* UITextField+fixCaretPosition.swift in Sources */,
				4D41AE811D9C10DA00AF772F /* TodoItem.swift in Sources */,
				4D3749F71D087C8000F57F68 /* SkyFloatingLabelTextFieldWithIcon.swift in Sources */,
				4D0D2FA21D98FA8C00B2A1B7 /* MedicineVC.swift in Sources */,
				4D1258A01D2CC4D100A7B6B9 /* followersVC.swift in Sources */,
				4D33C0771D5D865100CEEDFB /* NetData.swift in Sources */,
				4D3749E41D07FFD100F57F68 /* babySample.xcdatamodeld in Sources */,
				4DABA2981D7EC9620098E6C1 /* BabyCreate_Anchor.swift in Sources */,
				4D9761491D227F4F00FE9C80 /* signUpVC.swift in Sources */,
				4D5C4D6D1D73664D007ADAFB /* PreviewViewController.swift in Sources */,
				4D41AE7C1D9C089900AF772F /* NoteVC.swift in Sources */,
				4D9EC4CC1D93C2E4004F9120 /* Baby.swift in Sources */,
				4D3749F61D087C8000F57F68 /* SkyFloatingLabelTextField.swift in Sources */,
				4D34AC531D82570000BD4DD2 /* InterfaceController.swift in Sources */,
				4D1258A81D2CD96800A7B6B9 /* navVC.swift in Sources */,
				4D1258A61D2CD94000A7B6B9 /* tabVC.swift in Sources */,
				4DF05C6A1D929E0F0036A7C1 /* post_comment.swift in Sources */,
				4D6DBB511D98D3F80039533C /* album_searchVC.swift in Sources */,
				4D6DBB4D1D983E200039533C /* Baby_Fascicle.swift in Sources */,
				4D0D2FA71D9903BD00B2A1B7 /* medicineCell.swift in Sources */,
				4D2D44C51D0DA51000E6CE0D /* FeedCell.swift in Sources */,
				4D5B991A1D86C15C0096D63A /* UserCell.swift in Sources */,
				4D41AE781D9C06E000AF772F /* NewViewController.swift in Sources */,
				4DE3388A1D27F455001373E3 /* MaterialButton.swift in Sources */,
				4D6DBB531D98D5780039533C /* album.swift in Sources */,
				4D3749DC1D07FFD100F57F68 /* AppDelegate.swift in Sources */,
				4DAA53691D3202510099B78E /* EditVC.swift in Sources */,
				4D6EF6C41D3D1FFB00931BB6 /* userVC.swift in Sources */,
				4D3749FA1D087CC500F57F68 /* LoginController.swift in Sources */,
				4D5B99181D86C06B0096D63A /* LikeUsersVC.swift in Sources */,
				4D3A38AB1D8BADBD001D0D8D /* BabyCreateVC.swift in Sources */,
				4DABA2861D7E9BC60098E6C1 /* GuillotineMenuTransitionAnimation.swift in Sources */,
				4DAFE8BE1D2588810000334F /* Constants.swift in Sources */,
				4DDC7EE01D7FECBD00BCAF64 /* Hokusai.swift in Sources */,
				4D6B1AAA1D2548D000405E2B /* headerView.swift in Sources */,
				4DBA164C1D41EB6E009F35FC /* guestVC.swift in Sources */,
				4DDA2C891D3552560015C9FE /* AboutVC.swift in Sources */,
				4DD7EF8A1D912F7A00809E5C /* NewsItem.swift in Sources */,
				4D9EC4CA1D93C295004F9120 /* infoCell.swift in Sources */,
				4D2D44C91D0DA6D000E6CE0D /* Post.swift in Sources */,
				4D9AE7041D619279007AF70B /* avaVC.swift in Sources */,
				4DD7EF8C1D91334C00809E5C /* ItemCell.swift in Sources */,
				4DE3388B1D27F455001373E3 /* MaterialView.swift in Sources */,
				4DABA2821D7E98D50098E6C1 /* MenuViewController.swift in Sources */,
				4DE34F081D92665100CB265B /* Comment.swift in Sources */,
				4DA01D6A1D42170F0041B482 /* ApiService.swift in Sources */,
				4D41AE831D9C111A00AF772F /* TodoItem+CoreDataProperties.swift in Sources */,
				4D6DBB561D98D93F0039533C /* albumCell.swift in Sources */,
				4DE3388C1D27F455001373E3 /* MateriaTextField.swift in Sources */,
				4DC669A51D5C5210006CBF6A /* AlbumVC.swift in Sources */,
				4DC669A81D5C5676006CBF6A /* interest.swift in Sources */,
				4D41AE7A1D9C075B00AF772F /* EditViewController.swift in Sources */,
			);
			runOnlyForDeploymentPostprocessing = 0;
		};
/* End PBXSourcesBuildPhase section */

/* Begin PBXVariantGroup section */
		4D3749DF1D07FFD100F57F68 /* Main.storyboard */ = {
			isa = PBXVariantGroup;
			children = (
				4D3749E01D07FFD100F57F68 /* Base */,
			);
			name = Main.storyboard;
			sourceTree = "<group>";
		};
		4D3749E71D07FFD100F57F68 /* LaunchScreen.storyboard */ = {
			isa = PBXVariantGroup;
			children = (
				4D3749E81D07FFD100F57F68 /* Base */,
			);
			name = LaunchScreen.storyboard;
			sourceTree = "<group>";
		};
/* End PBXVariantGroup section */

/* Begin XCBuildConfiguration section */
		4D3749EB1D07FFD100F57F68 /* Debug */ = {
			isa = XCBuildConfiguration;
			buildSettings = {
				ALWAYS_SEARCH_USER_PATHS = NO;
				CLANG_ANALYZER_NONNULL = YES;
				CLANG_CXX_LANGUAGE_STANDARD = "gnu++0x";
				CLANG_CXX_LIBRARY = "libc++";
				CLANG_ENABLE_MODULES = YES;
				CLANG_ENABLE_OBJC_ARC = YES;
				CLANG_WARN_BOOL_CONVERSION = YES;
				CLANG_WARN_CONSTANT_CONVERSION = YES;
				CLANG_WARN_DIRECT_OBJC_ISA_USAGE = YES_ERROR;
				CLANG_WARN_EMPTY_BODY = YES;
				CLANG_WARN_ENUM_CONVERSION = YES;
				CLANG_WARN_INT_CONVERSION = YES;
				CLANG_WARN_OBJC_ROOT_CLASS = YES_ERROR;
				CLANG_WARN_UNREACHABLE_CODE = YES;
				CLANG_WARN__DUPLICATE_METHOD_MATCH = YES;
				"CODE_SIGN_IDENTITY[sdk=iphoneos*]" = "iPhone Developer";
				COPY_PHASE_STRIP = NO;
				DEBUG_INFORMATION_FORMAT = dwarf;
				ENABLE_BITCODE = NO;
				ENABLE_STRICT_OBJC_MSGSEND = YES;
				ENABLE_TESTABILITY = YES;
				GCC_C_LANGUAGE_STANDARD = gnu99;
				GCC_DYNAMIC_NO_PIC = NO;
				GCC_NO_COMMON_BLOCKS = YES;
				GCC_OPTIMIZATION_LEVEL = 0;
				GCC_PREPROCESSOR_DEFINITIONS = (
					"DEBUG=1",
					"$(inherited)",
				);
				GCC_WARN_64_TO_32_BIT_CONVERSION = YES;
				GCC_WARN_ABOUT_RETURN_TYPE = YES_ERROR;
				GCC_WARN_UNDECLARED_SELECTOR = YES;
				GCC_WARN_UNINITIALIZED_AUTOS = YES_AGGRESSIVE;
				GCC_WARN_UNUSED_FUNCTION = YES;
				GCC_WARN_UNUSED_VARIABLE = YES;
				IPHONEOS_DEPLOYMENT_TARGET = 9.3;
				MTL_ENABLE_DEBUG_INFO = YES;
				ONLY_ACTIVE_ARCH = YES;
				SDKROOT = iphoneos;
				SWIFT_OPTIMIZATION_LEVEL = "-Onone";
				TARGETED_DEVICE_FAMILY = "1,2";
				VALID_ARCHS = "arm64 armv7";
			};
			name = Debug;
		};
		4D3749EC1D07FFD100F57F68 /* Release */ = {
			isa = XCBuildConfiguration;
			buildSettings = {
				ALWAYS_SEARCH_USER_PATHS = NO;
				CLANG_ANALYZER_NONNULL = YES;
				CLANG_CXX_LANGUAGE_STANDARD = "gnu++0x";
				CLANG_CXX_LIBRARY = "libc++";
				CLANG_ENABLE_MODULES = YES;
				CLANG_ENABLE_OBJC_ARC = YES;
				CLANG_WARN_BOOL_CONVERSION = YES;
				CLANG_WARN_CONSTANT_CONVERSION = YES;
				CLANG_WARN_DIRECT_OBJC_ISA_USAGE = YES_ERROR;
				CLANG_WARN_EMPTY_BODY = YES;
				CLANG_WARN_ENUM_CONVERSION = YES;
				CLANG_WARN_INT_CONVERSION = YES;
				CLANG_WARN_OBJC_ROOT_CLASS = YES_ERROR;
				CLANG_WARN_UNREACHABLE_CODE = YES;
				CLANG_WARN__DUPLICATE_METHOD_MATCH = YES;
				"CODE_SIGN_IDENTITY[sdk=iphoneos*]" = "iPhone Developer";
				COPY_PHASE_STRIP = NO;
				DEBUG_INFORMATION_FORMAT = "dwarf-with-dsym";
				ENABLE_BITCODE = NO;
				ENABLE_NS_ASSERTIONS = NO;
				ENABLE_STRICT_OBJC_MSGSEND = YES;
				GCC_C_LANGUAGE_STANDARD = gnu99;
				GCC_NO_COMMON_BLOCKS = YES;
				GCC_WARN_64_TO_32_BIT_CONVERSION = YES;
				GCC_WARN_ABOUT_RETURN_TYPE = YES_ERROR;
				GCC_WARN_UNDECLARED_SELECTOR = YES;
				GCC_WARN_UNINITIALIZED_AUTOS = YES_AGGRESSIVE;
				GCC_WARN_UNUSED_FUNCTION = YES;
				GCC_WARN_UNUSED_VARIABLE = YES;
				IPHONEOS_DEPLOYMENT_TARGET = 9.3;
				MTL_ENABLE_DEBUG_INFO = NO;
				SDKROOT = iphoneos;
				TARGETED_DEVICE_FAMILY = "1,2";
				VALIDATE_PRODUCT = YES;
				VALID_ARCHS = "arm64 armv7";
			};
			name = Release;
		};
		4D3749EE1D07FFD100F57F68 /* Debug */ = {
			isa = XCBuildConfiguration;
			baseConfigurationReference = B7AA36BF83BDFB32C5035B72 /* Pods-babySample.debug.xcconfig */;
			buildSettings = {
				ASSETCATALOG_COMPILER_APPICON_NAME = AppIcon;
				CLANG_ENABLE_MODULES = YES;
				EMBEDDED_CONTENT_CONTAINS_SWIFT = YES;
				ENABLE_BITCODE = NO;
				FRAMEWORK_SEARCH_PATHS = "$(inherited)";
				INFOPLIST_FILE = babySample/Info.plist;
				LD_RUNPATH_SEARCH_PATHS = "$(inherited) @executable_path/Frameworks";
				PRODUCT_BUNDLE_IDENTIFIER = com.superlevin.mike840609.babySample;
				PRODUCT_NAME = "$(TARGET_NAME)";
				SWIFT_OBJC_BRIDGING_HEADER = "";
				SWIFT_OPTIMIZATION_LEVEL = "-Onone";
				VALID_ARCHS = "arm64 armv7";
			};
			name = Debug;
		};
		4D3749EF1D07FFD100F57F68 /* Release */ = {
			isa = XCBuildConfiguration;
			baseConfigurationReference = 297DCA1CA735E14A1236D0C9 /* Pods-babySample.release.xcconfig */;
			buildSettings = {
				ASSETCATALOG_COMPILER_APPICON_NAME = AppIcon;
				CLANG_ENABLE_MODULES = YES;
				EMBEDDED_CONTENT_CONTAINS_SWIFT = YES;
				ENABLE_BITCODE = NO;
				FRAMEWORK_SEARCH_PATHS = "$(inherited)";
				INFOPLIST_FILE = babySample/Info.plist;
				LD_RUNPATH_SEARCH_PATHS = "$(inherited) @executable_path/Frameworks";
				PRODUCT_BUNDLE_IDENTIFIER = com.superlevin.mike840609.babySample;
				PRODUCT_NAME = "$(TARGET_NAME)";
				SWIFT_OBJC_BRIDGING_HEADER = "";
				VALID_ARCHS = "arm64 armv7";
			};
			name = Release;
		};
/* End XCBuildConfiguration section */

/* Begin XCConfigurationList section */
		4D3749D31D07FFD100F57F68 /* Build configuration list for PBXProject "babySample" */ = {
			isa = XCConfigurationList;
			buildConfigurations = (
				4D3749EB1D07FFD100F57F68 /* Debug */,
				4D3749EC1D07FFD100F57F68 /* Release */,
			);
			defaultConfigurationIsVisible = 0;
			defaultConfigurationName = Release;
		};
		4D3749ED1D07FFD100F57F68 /* Build configuration list for PBXNativeTarget "babySample" */ = {
			isa = XCConfigurationList;
			buildConfigurations = (
				4D3749EE1D07FFD100F57F68 /* Debug */,
				4D3749EF1D07FFD100F57F68 /* Release */,
			);
			defaultConfigurationIsVisible = 0;
			defaultConfigurationName = Release;
		};
/* End XCConfigurationList section */

/* Begin XCVersionGroup section */
		4D3749E21D07FFD100F57F68 /* babySample.xcdatamodeld */ = {
			isa = XCVersionGroup;
			children = (
				4D3749E31D07FFD100F57F68 /* babySample.xcdatamodel */,
			);
			currentVersion = 4D3749E31D07FFD100F57F68 /* babySample.xcdatamodel */;
			path = babySample.xcdatamodeld;
			sourceTree = "<group>";
			versionGroupType = wrapper.xcdatamodel;
		};
/* End XCVersionGroup section */
	};
	rootObject = 4D3749D01D07FFD100F57F68 /* Project object */;
}
